
Microsoft Visual Studio Solution File, Format Version 12.00
# Visual Studio Version 17
VisualStudioVersion = 17.0.31808.319
MinimumVisualStudioVersion = 10.0.40219.1
Project("{2150E333-8FDC-42A3-9474-1A3956D46DE8}") = ".nuget", ".nuget", "{BA4FFF1A-6DCF-48EC-8EEA-126877E618A1}"
	ProjectSection(SolutionItems) = preProject
		nuget.config = nuget.config
	EndProjectSection
EndProject
Project("{FAE04EC0-301F-11D3-BF4B-00C04F79EFBC}") = "Demo.Core.Infrastructure", "Demo.Core.Infrastructure\Demo.Core.Infrastructure.csproj", "{76BD461D-084E-4218-BC65-EB7546B1880D}"
EndProject
Project("{FAE04EC0-301F-11D3-BF4B-00C04F79EFBC}") = "Demo.Core.Application", "Demo.Core.Application\Demo.Core.Application.csproj", "{871EAA0C-657A-4BC2-A821-51EBA69B52C1}"
EndProject
Project("{FAE04EC0-301F-11D3-BF4B-00C04F79EFBC}") = "Demo.Core.Api", "Demo.Core.Api\Demo.Core.Api.csproj", "{668B6B3E-C482-E711-A3B8-0F17B8CABEC8}"
EndProject
Project("{FAE04EC0-301F-11D3-BF4B-00C04F79EFBC}") = "Demo.Core.Domain", "Demo.Core.Domain\Demo.Core.Domain.csproj", "{47D524AA-5581-64CD-306C-4D8778CBF23E}"
EndProject
Global
	GlobalSection(SolutionConfigurationPlatforms) = preSolution
		Debug|Any CPU = Debug|Any CPU
		Release|Any CPU = Release|Any CPU
	EndGlobalSection
	GlobalSection(ProjectConfigurationPlatforms) = postSolution
		{76BD461D-084E-4218-BC65-EB7546B1880D}.Debug|Any CPU.ActiveCfg = Debug|Any CPU
		{76BD461D-084E-4218-BC65-EB7546B1880D}.Debug|Any CPU.Build.0 = Debug|Any CPU
		{76BD461D-084E-4218-BC65-EB7546B1880D}.Release|Any CPU.ActiveCfg = Release|Any CPU
		{76BD461D-084E-4218-BC65-EB7546B1880D}.Release|Any CPU.Build.0 = Release|Any CPU
		{871EAA0C-657A-4BC2-A821-51EBA69B52C1}.Debug|Any CPU.ActiveCfg = Debug|Any CPU
		{871EAA0C-657A-4BC2-A821-51EBA69B52C1}.Debug|Any CPU.Build.0 = Debug|Any CPU
		{871EAA0C-657A-4BC2-A821-51EBA69B52C1}.Release|Any CPU.ActiveCfg = Release|Any CPU
		{871EAA0C-657A-4BC2-A821-51EBA69B52C1}.Release|Any CPU.Build.0 = Release|Any CPU
		{668B6B3E-C482-E711-A3B8-0F17B8CABEC8}.Debug|Any CPU.ActiveCfg = Debug|Any CPU
		{668B6B3E-C482-E711-A3B8-0F17B8CABEC8}.Debug|Any CPU.Build.0 = Debug|Any CPU
		{668B6B3E-C482-E711-A3B8-0F17B8CABEC8}.Release|Any CPU.ActiveCfg = Release|Any CPU
		{668B6B3E-C482-E711-A3B8-0F17B8CABEC8}.Release|Any CPU.Build.0 = Release|Any CPU
		{47D524AA-5581-64CD-306C-4D8778CBF23E}.Debug|Any CPU.ActiveCfg = Debug|Any CPU
		{47D524AA-5581-64CD-306C-4D8778CBF23E}.Debug|Any CPU.Build.0 = Debug|Any CPU
		{47D524AA-5581-64CD-306C-4D8778CBF23E}.Release|Any CPU.ActiveCfg = Release|Any CPU
		{47D524AA-5581-64CD-306C-4D8778CBF23E}.Release|Any CPU.Build.0 = Release|Any CPU
	EndGlobalSection
	GlobalSection(SolutionProperties) = preSolution
		HideSolutionNode = FALSE
	EndGlobalSection
	GlobalSection(ExtensibilityGlobals) = postSolution
		SolutionGuid = {8C6B3099-85FC-4220-B374-FDA45E6E3160}
	EndGlobalSection
EndGlobal
